
Microsoft Visual Studio Solution File, Format Version 12.00
# Visual Studio Version 16
VisualStudioVersion = 16.0.32106.194
MinimumVisualStudioVersion = 10.0.40219.1
Project("{FAE04EC0-301F-11D3-BF4B-00C04F79EFBC}") = "A2.Unpacker", "A2.Unpacker\A2.Unpacker.csproj", "{3704C44C-3DC6-4449-B91E-D1A38E20C5C1}"
EndProject
Global
	GlobalSection(SolutionConfigurationPlatforms) = preSolution
		Debug|Any CPU = Debug|Any CPU
		Release|Any CPU = Release|Any CPU
	EndGlobalSection
	GlobalSection(ProjectConfigurationPlatforms) = postSolution
		{3704C44C-3DC6-4449-B91E-D1A38E20C5C1}.Debug|Any CPU.ActiveCfg = Debug|Any CPU
		{3704C44C-3DC6-4449-B91E-D1A38E20C5C1}.Debug|Any CPU.Build.0 = Debug|Any CPU
		{3704C44C-3DC6-4449-B91E-D1A38E20C5C1}.Release|Any CPU.ActiveCfg = Release|Any CPU
		{3704C44C-3DC6-4449-B91E-D1A38E20C5C1}.Release|Any CPU.Build.0 = Release|Any CPU
	EndGlobalSection
	GlobalSection(SolutionProperties) = preSolution
		HideSolutionNode = FALSE
	EndGlobalSection
	GlobalSection(ExtensibilityGlobals) = postSolution
		SolutionGuid = {11A01588-3862-4FC4-A64C-BB5F4129F011}
	EndGlobalSection
EndGlobal
